
Microsoft Visual Studio Solution File, Format Version 12.00
# Visual Studio 2013
VisualStudioVersion = 12.0.31101.0
MinimumVisualStudioVersion = 10.0.40219.1
Project("{FAE04EC0-301F-11D3-BF4B-00C04F79EFBC}") = "ResxSwapper", "ResxSwapper\ResxSwapper.csproj", "{50D64E02-ABDB-4FE1-94E3-B0CBED8D8671}"
EndProject
Project("{FAE04EC0-301F-11D3-BF4B-00C04F79EFBC}") = "ReportTranslator", "ReportTranslator\ReportTranslator.csproj", "{07824465-0071-41B3-9F70-0A9FF512A46B}"
EndProject
Global
	GlobalSection(SolutionConfigurationPlatforms) = preSolution
		Debug|Any CPU = Debug|Any CPU
		Release|Any CPU = Release|Any CPU
	EndGlobalSection
	GlobalSection(ProjectConfigurationPlatforms) = postSolution
		{50D64E02-ABDB-4FE1-94E3-B0CBED8D8671}.Debug|Any CPU.ActiveCfg = Debug|Any CPU
		{50D64E02-ABDB-4FE1-94E3-B0CBED8D8671}.Debug|Any CPU.Build.0 = Debug|Any CPU
		{50D64E02-ABDB-4FE1-94E3-B0CBED8D8671}.Release|Any CPU.ActiveCfg = Release|Any CPU
		{50D64E02-ABDB-4FE1-94E3-B0CBED8D8671}.Release|Any CPU.Build.0 = Release|Any CPU
		{07824465-0071-41B3-9F70-0A9FF512A46B}.Debug|Any CPU.ActiveCfg = Debug|Any CPU
		{07824465-0071-41B3-9F70-0A9FF512A46B}.Debug|Any CPU.Build.0 = Debug|Any CPU
		{07824465-0071-41B3-9F70-0A9FF512A46B}.Release|Any CPU.ActiveCfg = Release|Any CPU
		{07824465-0071-41B3-9F70-0A9FF512A46B}.Release|Any CPU.Build.0 = Release|Any CPU
	EndGlobalSection
	GlobalSection(SolutionProperties) = preSolution
		HideSolutionNode = FALSE
	EndGlobalSection
EndGlobal
